
Microsoft Visual Studio Solution File, Format Version 12.00
# Visual Studio Version 17
VisualStudioVersion = 17.14.36811.4 d17.14
MinimumVisualStudioVersion = 10.0.40219.1
Project("{FAE04EC0-301F-11D3-BF4B-00C04F79EFBC}") = "web", "web.csproj", "{D9454C0B-98DB-4FF8-BFF9-736F8B8339FC}"
EndProject
Global
	GlobalSection(SolutionConfigurationPlatforms) = preSolution
		Debug|Any CPU = Debug|Any CPU
		Release|Any CPU = Release|Any CPU
	EndGlobalSection
	GlobalSection(ProjectConfigurationPlatforms) = postSolution
		{D9454C0B-98DB-4FF8-BFF9-736F8B8339FC}.Debug|Any CPU.ActiveCfg = Debug|Any CPU
		{D9454C0B-98DB-4FF8-BFF9-736F8B8339FC}.Debug|Any CPU.Build.0 = Debug|Any CPU
		{D9454C0B-98DB-4FF8-BFF9-736F8B8339FC}.Release|Any CPU.ActiveCfg = Release|Any CPU
		{D9454C0B-98DB-4FF8-BFF9-736F8B8339FC}.Release|Any CPU.Build.0 = Release|Any CPU
	EndGlobalSection
	GlobalSection(SolutionProperties) = preSolution
		HideSolutionNode = FALSE
	EndGlobalSection
	GlobalSection(ExtensibilityGlobals) = postSolution
		SolutionGuid = {56C83EF6-F460-45A3-84C2-70103DFD54D3}
	EndGlobalSection
EndGlobal
